// !$*UTF8*$!
{
	archiveVersion = 1;
	classes = {
	};
	objectVersion = 50;
	objects = {

/* Begin PBXBuildFile section */
		8419F52721BA8C45003D459D /* AppDelegate.swift in Sources */ = {isa = PBXBuildFile; fileRef = 8419F52621BA8C45003D459D /* AppDelegate.swift */; };
		8419F52921BA8C45003D459D /* ViewController.swift in Sources */ = {isa = PBXBuildFile; fileRef = 8419F52821BA8C45003D459D /* ViewController.swift */; };
		8419F52C21BA8C45003D459D /* Main.storyboard in Resources */ = {isa = PBXBuildFile; fileRef = 8419F52A21BA8C45003D459D /* Main.storyboard */; };
		8419F52E21BA8C47003D459D /* Assets.xcassets in Resources */ = {isa = PBXBuildFile; fileRef = 8419F52D21BA8C47003D459D /* Assets.xcassets */; };
		8419F53121BA8C47003D459D /* LaunchScreen.storyboard in Resources */ = {isa = PBXBuildFile; fileRef = 8419F52F21BA8C47003D459D /* LaunchScreen.storyboard */; };
		8428B4EC21BD62D8001DBBF0 /* README.md in Resources */ = {isa = PBXBuildFile; fileRef = 8428B4EB21BD62D8001DBBF0 /* README.md */; };
		8428B4EE21BD647B001DBBF0 /* PKCountryPicker.gif in Resources */ = {isa = PBXBuildFile; fileRef = 8428B4ED21BD647B001DBBF0 /* PKCountryPicker.gif */; };
		844F974721BE2557008ED7FD /* PKCountryView.xib in Resources */ = {isa = PBXBuildFile; fileRef = 844F974021BE2557008ED7FD /* PKCountryView.xib */; };
		844F974821BE2557008ED7FD /* PKCountryPicker.swift in Sources */ = {isa = PBXBuildFile; fileRef = 844F974121BE2557008ED7FD /* PKCountryPicker.swift */; };
		844F974921BE2557008ED7FD /* PKCountryModel.swift in Sources */ = {isa = PBXBuildFile; fileRef = 844F974221BE2557008ED7FD /* PKCountryModel.swift */; };
		844F974A21BE2557008ED7FD /* PKCountryView.swift in Sources */ = {isa = PBXBuildFile; fileRef = 844F974321BE2557008ED7FD /* PKCountryView.swift */; };
		844F974B21BE2557008ED7FD /* PKCountryFlag.xcassets in Resources */ = {isa = PBXBuildFile; fileRef = 844F974421BE2557008ED7FD /* PKCountryFlag.xcassets */; };
		844F974C21BE2557008ED7FD /* countryData.json in Resources */ = {isa = PBXBuildFile; fileRef = 844F974521BE2557008ED7FD /* countryData.json */; };
		844F974D21BE2557008ED7FD /* PKCountryPickerSettings.swift in Sources */ = {isa = PBXBuildFile; fileRef = 844F974621BE2557008ED7FD /* PKCountryPickerSettings.swift */; };
/* End PBXBuildFile section */

/* Begin PBXFileReference section */
		8419F52321BA8C45003D459D /* PKCountryPickerViewDemo.app */ = {isa = PBXFileReference; explicitFileType = wrapper.application; includeInIndex = 0; path = PKCountryPickerViewDemo.app; sourceTree = BUILT_PRODUCTS_DIR; };
		8419F52621BA8C45003D459D /* AppDelegate.swift */ = {isa = PBXFileReference; lastKnownFileType = sourcecode.swift; path = AppDelegate.swift; sourceTree = "<group>"; };
		8419F52821BA8C45003D459D /* ViewController.swift */ = {isa = PBXFileReference; lastKnownFileType = sourcecode.swift; path = ViewController.swift; sourceTree = "<group>"; };
		8419F52B21BA8C45003D459D /* Base */ = {isa = PBXFileReference; lastKnownFileType = file.storyboard; name = Base; path = Base.lproj/Main.storyboard; sourceTree = "<group>"; };
		8419F52D21BA8C47003D459D /* Assets.xcassets */ = {isa = PBXFileReference; lastKnownFileType = folder.assetcatalog; path = Assets.xcassets; sourceTree = "<group>"; };
		8419F53021BA8C47003D459D /* Base */ = {isa = PBXFileReference; lastKnownFileType = file.storyboard; name = Base; path = Base.lproj/LaunchScreen.storyboard; sourceTree = "<group>"; };
		8419F53221BA8C47003D459D /* Info.plist */ = {isa = PBXFileReference; lastKnownFileType = text.plist.xml; path = Info.plist; sourceTree = "<group>"; };
		8428B4EB21BD62D8001DBBF0 /* README.md */ = {isa = PBXFileReference; fileEncoding = 4; lastKnownFileType = net.daringfireball.markdown; path = README.md; sourceTree = SOURCE_ROOT; };
		8428B4ED21BD647B001DBBF0 /* PKCountryPicker.gif */ = {isa = PBXFileReference; lastKnownFileType = image.gif; path = PKCountryPicker.gif; sourceTree = "<group>"; };
		844F974021BE2557008ED7FD /* PKCountryView.xib */ = {isa = PBXFileReference; fileEncoding = 4; lastKnownFileType = file.xib; path = PKCountryView.xib; sourceTree = "<group>"; };
		844F974121BE2557008ED7FD /* PKCountryPicker.swift */ = {isa = PBXFileReference; fileEncoding = 4; lastKnownFileType = sourcecode.swift; path = PKCountryPicker.swift; sourceTree = "<group>"; };
		844F974221BE2557008ED7FD /* PKCountryModel.swift */ = {isa = PBXFileReference; fileEncoding = 4; lastKnownFileType = sourcecode.swift; path = PKCountryModel.swift; sourceTree = "<group>"; };
		844F974321BE2557008ED7FD /* PKCountryView.swift */ = {isa = PBXFileReference; fileEncoding = 4; lastKnownFileType = sourcecode.swift; path = PKCountryView.swift; sourceTree = "<group>"; };
		844F974421BE2557008ED7FD /* PKCountryFlag.xcassets */ = {isa = PBXFileReference; lastKnownFileType = folder.assetcatalog; path = PKCountryFlag.xcassets; sourceTree = "<group>"; };
		844F974521BE2557008ED7FD /* countryData.json */ = {isa = PBXFileReference; fileEncoding = 4; lastKnownFileType = text.json; path = countryData.json; sourceTree = "<group>"; };
		844F974621BE2557008ED7FD /* PKCountryPickerSettings.swift */ = {isa = PBXFileReference; fileEncoding = 4; lastKnownFileType = sourcecode.swift; path = PKCountryPickerSettings.swift; sourceTree = "<group>"; };
/* End PBXFileReference section */

/* Begin PBXFrameworksBuildPhase section */
		8419F52021BA8C45003D459D /* Frameworks */ = {
			isa = PBXFrameworksBuildPhase;
			buildActionMask = 2147483647;
			files = (
			);
			runOnlyForDeploymentPostprocessing = 0;
		};
/* End PBXFrameworksBuildPhase section */

/* Begin PBXGroup section */
		8419F51A21BA8C45003D459D = {
			isa = PBXGroup;
			children = (
				8419F52521BA8C45003D459D /* PKCountryPickerViewDemo */,
				8419F52421BA8C45003D459D /* Products */,
			);
			sourceTree = "<group>";
		};
		8419F52421BA8C45003D459D /* Products */ = {
			isa = PBXGroup;
			children = (
				8419F52321BA8C45003D459D /* PKCountryPickerViewDemo.app */,
			);
			name = Products;
			sourceTree = "<group>";
		};
		8419F52521BA8C45003D459D /* PKCountryPickerViewDemo */ = {
			isa = PBXGroup;
			children = (
				844F973F21BE2557008ED7FD /* PKCountryPicker */,
				8419F52621BA8C45003D459D /* AppDelegate.swift */,
				8428B4ED21BD647B001DBBF0 /* PKCountryPicker.gif */,
				8428B4EB21BD62D8001DBBF0 /* README.md */,
				8419F52821BA8C45003D459D /* ViewController.swift */,
				8419F52A21BA8C45003D459D /* Main.storyboard */,
				8419F52D21BA8C47003D459D /* Assets.xcassets */,
				8419F52F21BA8C47003D459D /* LaunchScreen.storyboard */,
				8419F53221BA8C47003D459D /* Info.plist */,
			);
			path = PKCountryPickerViewDemo;
			sourceTree = "<group>";
		};
		844F973F21BE2557008ED7FD /* PKCountryPicker */ = {
			isa = PBXGroup;
			children = (
				844F974021BE2557008ED7FD /* PKCountryView.xib */,
				844F974121BE2557008ED7FD /* PKCountryPicker.swift */,
				844F974221BE2557008ED7FD /* PKCountryModel.swift */,
				844F974321BE2557008ED7FD /* PKCountryView.swift */,
				844F974421BE2557008ED7FD /* PKCountryFlag.xcassets */,
				844F974521BE2557008ED7FD /* countryData.json */,
				844F974621BE2557008ED7FD /* PKCountryPickerSettings.swift */,
			);
			path = PKCountryPicker;
			sourceTree = "<group>";
		};
/* End PBXGroup section */

/* Begin PBXNativeTarget section */
		8419F52221BA8C45003D459D /* PKCountryPickerViewDemo */ = {
			isa = PBXNativeTarget;
			buildConfigurationList = 8419F53521BA8C47003D459D /* Build configuration list for PBXNativeTarget "PKCountryPickerViewDemo" */;
			buildPhases = (
				8419F51F21BA8C45003D459D /* Sources */,
				8419F52021BA8C45003D459D /* Frameworks */,
				8419F52121BA8C45003D459D /* Resources */,
			);
			buildRules = (
			);
			dependencies = (
			);
			name = PKCountryPickerViewDemo;
			productName = PKCountryPickerViewDemo;
			productReference = 8419F52321BA8C45003D459D /* PKCountryPickerViewDemo.app */;
			productType = "com.apple.product-type.application";
		};
/* End PBXNativeTarget section */

/* Begin PBXProject section */
		8419F51B21BA8C45003D459D /* Project object */ = {
			isa = PBXProject;
			attributes = {
				LastSwiftUpdateCheck = 1010;
				LastUpgradeCheck = 1010;
				ORGANIZATIONNAME = "Pramod Kumar";
				TargetAttributes = {
					8419F52221BA8C45003D459D = {
						CreatedOnToolsVersion = 10.1;
					};
				};
			};
			buildConfigurationList = 8419F51E21BA8C45003D459D /* Build configuration list for PBXProject "PKCountryPickerViewDemo" */;
			compatibilityVersion = "Xcode 9.3";
			developmentRegion = en;
			hasScannedForEncodings = 0;
			knownRegions = (
				en,
				Base,
			);
			mainGroup = 8419F51A21BA8C45003D459D;
			productRefGroup = 8419F52421BA8C45003D459D /* Products */;
			projectDirPath = "";
			projectRoot = "";
			targets = (
				8419F52221BA8C45003D459D /* PKCountryPickerViewDemo */,
			);
		};
/* End PBXProject section */

/* Begin PBXResourcesBuildPhase section */
		8419F52121BA8C45003D459D /* Resources */ = {
			isa = PBXResourcesBuildPhase;
			buildActionMask = 2147483647;
			files = (
				8419F53121BA8C47003D459D /* LaunchScreen.storyboard in Resources */,
				8419F52E21BA8C47003D459D /* Assets.xcassets in Resources */,
				844F974721BE2557008ED7FD /* PKCountryView.xib in Resources */,
				8428B4EE21BD647B001DBBF0 /* PKCountryPicker.gif in Resources */,
				844F974B21BE2557008ED7FD /* PKCountryFlag.xcassets in Resources */,
				8428B4EC21BD62D8001DBBF0 /* README.md in Resources */,
				844F974C21BE2557008ED7FD /* countryData.json in Resources */,
				8419F52C21BA8C45003D459D /* Main.storyboard in Resources */,
			);
			runOnlyForDeploymentPostprocessing = 0;
		};
/* End PBXResourcesBuildPhase section */

/* Begin PBXSourcesBuildPhase section */
		8419F51F21BA8C45003D459D /* Sources */ = {
			isa = PBXSourcesBuildPhase;
			buildActionMask = 2147483647;
			files = (
				844F974A21BE2557008ED7FD /* PKCountryView.swift in Sources */,
				8419F52921BA8C45003D459D /* ViewController.swift in Sources */,
				844F974821BE2557008ED7FD /* PKCountryPicker.swift in Sources */,
				8419F52721BA8C45003D459D /* AppDelegate.swift in Sources */,
				844F974D21BE2557008ED7FD /* PKCountryPickerSettings.swift in Sources */,
				844F974921BE2557008ED7FD /* PKCountryModel.swift in Sources */,
			);
			runOnlyForDeploymentPostprocessing = 0;
		};
/* End PBXSourcesBuildPhase section */

/* Begin PBXVariantGroup section */
		8419F52A21BA8C45003D459D /* Main.storyboard */ = {
			isa = PBXVariantGroup;
			children = (
				8419F52B21BA8C45003D459D /* Base */,
			);
			name = Main.storyboard;
			sourceTree = "<group>";
		};
		8419F52F21BA8C47003D459D /* LaunchScreen.storyboard */ = {
			isa = PBXVariantGroup;
			children = (
				8419F53021BA8C47003D459D /* Base */,
			);
			name = LaunchScreen.storyboard;
			sourceTree = "<group>";
		};
/* End PBXVariantGroup section */

/* Begin XCBuildConfiguration section */
		8419F53321BA8C47003D459D /* Debug */ = {
			isa = XCBuildConfiguration;
			buildSettings = {
				ALWAYS_SEARCH_USER_PATHS = NO;
				CLANG_ANALYZER_NONNULL = YES;
				CLANG_ANALYZER_NUMBER_OBJECT_CONVERSION = YES_AGGRESSIVE;
				CLANG_CXX_LANGUAGE_STANDARD = "gnu++14";
				CLANG_CXX_LIBRARY = "libc++";
				CLANG_ENABLE_MODULES = YES;
				CLANG_ENABLE_OBJC_ARC = YES;
				CLANG_ENABLE_OBJC_WEAK = YES;
				CLANG_WARN_BLOCK_CAPTURE_AUTORELEASING = YES;
				CLANG_WARN_BOOL_CONVERSION = YES;
				CLANG_WARN_COMMA = YES;
				CLANG_WARN_CONSTANT_CONVERSION = YES;
				CLANG_WARN_DEPRECATED_OBJC_IMPLEMENTATIONS = YES;
				CLANG_WARN_DIRECT_OBJC_ISA_USAGE = YES_ERROR;
				CLANG_WARN_DOCUMENTATION_COMMENTS = YES;
				CLANG_WARN_EMPTY_BODY = YES;
				CLANG_WARN_ENUM_CONVERSION = YES;
				CLANG_WARN_INFINITE_RECURSION = YES;
				CLANG_WARN_INT_CONVERSION = YES;
				CLANG_WARN_NON_LITERAL_NULL_CONVERSION = YES;
				CLANG_WARN_OBJC_IMPLICIT_RETAIN_SELF = YES;
				CLANG_WARN_OBJC_LITERAL_CONVERSION = YES;
				CLANG_WARN_OBJC_ROOT_CLASS = YES_ERROR;
				CLANG_WARN_RANGE_LOOP_ANALYSIS = YES;
				CLANG_WARN_STRICT_PROTOTYPES = YES;
				CLANG_WARN_SUSPICIOUS_MOVE = YES;
				CLANG_WARN_UNGUARDED_AVAILABILITY = YES_AGGRESSIVE;
				CLANG_WARN_UNREACHABLE_CODE = YES;
				CLANG_WARN__DUPLICATE_METHOD_MATCH = YES;
				CODE_SIGN_IDENTITY = "iPhone Developer";
				COPY_PHASE_STRIP = NO;
				DEBUG_INFORMATION_FORMAT = dwarf;
				ENABLE_STRICT_OBJC_MSGSEND = YES;
				ENABLE_TESTABILITY = YES;
				GCC_C_LANGUAGE_STANDARD = gnu11;
				GCC_DYNAMIC_NO_PIC = NO;
				GCC_NO_COMMON_BLOCKS = YES;
				GCC_OPTIMIZATION_LEVEL = 0;
				GCC_PREPROCESSOR_DEFINITIONS = (
					"DEBUG=1",
					"$(inherited)",
				);
				GCC_WARN_64_TO_32_BIT_CONVERSION = YES;
				GCC_WARN_ABOUT_RETURN_TYPE = YES_ERROR;
				GCC_WARN_UNDECLARED_SELECTOR = YES;
				GCC_WARN_UNINITIALIZED_AUTOS = YES_AGGRESSIVE;
				GCC_WARN_UNUSED_FUNCTION = YES;
				GCC_WARN_UNUSED_VARIABLE = YES;
				IPHONEOS_DEPLOYMENT_TARGET = 12.1;
				MTL_ENABLE_DEBUG_INFO = INCLUDE_SOURCE;
				MTL_FAST_MATH = YES;
				ONLY_ACTIVE_ARCH = YES;
				SDKROOT = iphoneos;
				SWIFT_ACTIVE_COMPILATION_CONDITIONS = DEBUG;
				SWIFT_OPTIMIZATION_LEVEL = "-Onone";
			};
			name = Debug;
		};
		8419F53421BA8C47003D459D /* Release */ = {
			isa = XCBuildConfiguration;
			buildSettings = {
				ALWAYS_SEARCH_USER_PATHS = NO;
				CLANG_ANALYZER_NONNULL = YES;
				CLANG_ANALYZER_NUMBER_OBJECT_CONVERSION = YES_AGGRESSIVE;
				CLANG_CXX_LANGUAGE_STANDARD = "gnu++14";
				CLANG_CXX_LIBRARY = "libc++";
				CLANG_ENABLE_MODULES = YES;
				CLANG_ENABLE_OBJC_ARC = YES;
				CLANG_ENABLE_OBJC_WEAK = YES;
				CLANG_WARN_BLOCK_CAPTURE_AUTORELEASING = YES;
				CLANG_WARN_BOOL_CONVERSION = YES;
				CLANG_WARN_COMMA = YES;
				CLANG_WARN_CONSTANT_CONVERSION = YES;
				CLANG_WARN_DEPRECATED_OBJC_IMPLEMENTATIONS = YES;
				CLANG_WARN_DIRECT_OBJC_ISA_USAGE = YES_ERROR;
				CLANG_WARN_DOCUMENTATION_COMMENTS = YES;
				CLANG_WARN_EMPTY_BODY = YES;
				CLANG_WARN_ENUM_CONVERSION = YES;
				CLANG_WARN_INFINITE_RECURSION = YES;
				CLANG_WARN_INT_CONVERSION = YES;
				CLANG_WARN_NON_LITERAL_NULL_CONVERSION = YES;
				CLANG_WARN_OBJC_IMPLICIT_RETAIN_SELF = YES;
				CLANG_WARN_OBJC_LITERAL_CONVERSION = YES;
				CLANG_WARN_OBJC_ROOT_CLASS = YES_ERROR;
				CLANG_WARN_RANGE_LOOP_ANALYSIS = YES;
				CLANG_WARN_STRICT_PROTOTYPES = YES;
				CLANG_WARN_SUSPICIOUS_MOVE = YES;
				CLANG_WARN_UNGUARDED_AVAILABILITY = YES_AGGRESSIVE;
				CLANG_WARN_UNREACHABLE_CODE = YES;
				CLANG_WARN__DUPLICATE_METHOD_MATCH = YES;
				CODE_SIGN_IDENTITY = "iPhone Developer";
				COPY_PHASE_STRIP = NO;
				DEBUG_INFORMATION_FORMAT = "dwarf-with-dsym";
				ENABLE_NS_ASSERTIONS = NO;
				ENABLE_STRICT_OBJC_MSGSEND = YES;
				GCC_C_LANGUAGE_STANDARD = gnu11;
				GCC_NO_COMMON_BLOCKS = YES;
				GCC_WARN_64_TO_32_BIT_CONVERSION = YES;
				GCC_WARN_ABOUT_RETURN_TYPE = YES_ERROR;
				GCC_WARN_UNDECLARED_SELECTOR = YES;
				GCC_WARN_UNINITIALIZED_AUTOS = YES_AGGRESSIVE;
				GCC_WARN_UNUSED_FUNCTION = YES;
				GCC_WARN_UNUSED_VARIABLE = YES;
				IPHONEOS_DEPLOYMENT_TARGET = 12.1;
				MTL_ENABLE_DEBUG_INFO = NO;
				MTL_FAST_MATH = YES;
				SDKROOT = iphoneos;
				SWIFT_COMPILATION_MODE = wholemodule;
				SWIFT_OPTIMIZATION_LEVEL = "-O";
				VALIDATE_PRODUCT = YES;
			};
			name = Release;
		};
		8419F53621BA8C47003D459D /* Debug */ = {
			isa = XCBuildConfiguration;
			buildSettings = {
				ASSETCATALOG_COMPILER_APPICON_NAME = AppIcon;
				CODE_SIGN_STYLE = Automatic;
				INFOPLIST_FILE = PKCountryPickerViewDemo/Info.plist;
				LD_RUNPATH_SEARCH_PATHS = (
					"$(inherited)",
					"@executable_path/Frameworks",
				);
				PRODUCT_BUNDLE_IDENTIFIER = com.app.PKCountryPickerViewDemo;
				PRODUCT_NAME = "$(TARGET_NAME)";
				SWIFT_VERSION = 4.2;
				TARGETED_DEVICE_FAMILY = "1,2";
			};
			name = Debug;
		};
		8419F53721BA8C47003D459D /* Release */ = {
			isa = XCBuildConfiguration;
			buildSettings = {
				ASSETCATALOG_COMPILER_APPICON_NAME = AppIcon;
				CODE_SIGN_STYLE = Automatic;
				INFOPLIST_FILE = PKCountryPickerViewDemo/Info.plist;
				LD_RUNPATH_SEARCH_PATHS = (
					"$(inherited)",
					"@executable_path/Frameworks",
				);
				PRODUCT_BUNDLE_IDENTIFIER = com.app.PKCountryPickerViewDemo;
				PRODUCT_NAME = "$(TARGET_NAME)";
				SWIFT_VERSION = 4.2;
				TARGETED_DEVICE_FAMILY = "1,2";
			};
			name = Release;
		};
/* End XCBuildConfiguration section */

/* Begin XCConfigurationList section */
		8419F51E21BA8C45003D459D /* Build configuration list for PBXProject "PKCountryPickerViewDemo" */ = {
			isa = XCConfigurationList;
			buildConfigurations = (
				8419F53321BA8C47003D459D /* Debug */,
				8419F53421BA8C47003D459D /* Release */,
			);
			defaultConfigurationIsVisible = 0;
			defaultConfigurationName = Release;
		};
		8419F53521BA8C47003D459D /* Build configuration list for PBXNativeTarget "PKCountryPickerViewDemo" */ = {
			isa = XCConfigurationList;
			buildConfigurations = (
				8419F53621BA8C47003D459D /* Debug */,
				8419F53721BA8C47003D459D /* Release */,
			);
			defaultConfigurationIsVisible = 0;
			defaultConfigurationName = Release;
		};
/* End XCConfigurationList section */
	};
	rootObject = 8419F51B21BA8C45003D459D /* Project object */;
}
